{
  "lockfileVersion": 1,
  "workspaces": {
    "": {
      "name": "bun-trial",
      "dependencies": {
        "@hono/valibot-validator": "^0.5.2",
        "bullmq": "^5.51.0",
        "dayjs": "^1.11.13",
        "hono": "^4.7.7",
        "ioredis": "^5.6.1",
        "mongodb": "^6.16.0",
        "piscina": "^4.9.2",
        "valibot": "^1.0.0",
      },
      "devDependencies": {
        "@biomejs/biome": "1.9.4",
        "@bull-board/hono": "^6.9.2",
        "@types/bun": "^1.2.10",
        "mongodb-memory-server": "^10.1.4",
        "typescript": "^5.8.3",
      },
    },
  },
  "packages": {
    "@biomejs/biome": ["@biomejs/biome@1.9.4", "", { "optionalDependencies": { "@biomejs/cli-darwin-arm64": "1.9.4", "@biomejs/cli-darwin-x64": "1.9.4", "@biomejs/cli-linux-arm64": "1.9.4", "@biomejs/cli-linux-arm64-musl": "1.9.4", "@biomejs/cli-linux-x64": "1.9.4", "@biomejs/cli-linux-x64-musl": "1.9.4", "@biomejs/cli-win32-arm64": "1.9.4", "@biomejs/cli-win32-x64": "1.9.4" }, "bin": { "biome": "bin/biome" } }, "sha512-1rkd7G70+o9KkTn5KLmDYXihGoTaIGO9PIIN2ZB7UJxFrWw04CZHPYiMRjYsaDvVV7hP1dYNRLxSANLaBFGpog=="],

    "@biomejs/cli-darwin-arm64": ["@biomejs/cli-darwin-arm64@1.9.4", "", { "os": "darwin", "cpu": "arm64" }, "sha512-bFBsPWrNvkdKrNCYeAp+xo2HecOGPAy9WyNyB/jKnnedgzl4W4Hb9ZMzYNbf8dMCGmUdSavlYHiR01QaYR58cw=="],

    "@biomejs/cli-darwin-x64": ["@biomejs/cli-darwin-x64@1.9.4", "", { "os": "darwin", "cpu": "x64" }, "sha512-ngYBh/+bEedqkSevPVhLP4QfVPCpb+4BBe2p7Xs32dBgs7rh9nY2AIYUL6BgLw1JVXV8GlpKmb/hNiuIxfPfZg=="],

    "@biomejs/cli-linux-arm64": ["@biomejs/cli-linux-arm64@1.9.4", "", { "os": "linux", "cpu": "arm64" }, "sha512-fJIW0+LYujdjUgJJuwesP4EjIBl/N/TcOX3IvIHJQNsAqvV2CHIogsmA94BPG6jZATS4Hi+xv4SkBBQSt1N4/g=="],

    "@biomejs/cli-linux-arm64-musl": ["@biomejs/cli-linux-arm64-musl@1.9.4", "", { "os": "linux", "cpu": "arm64" }, "sha512-v665Ct9WCRjGa8+kTr0CzApU0+XXtRgwmzIf1SeKSGAv+2scAlW6JR5PMFo6FzqqZ64Po79cKODKf3/AAmECqA=="],

    "@biomejs/cli-linux-x64": ["@biomejs/cli-linux-x64@1.9.4", "", { "os": "linux", "cpu": "x64" }, "sha512-lRCJv/Vi3Vlwmbd6K+oQ0KhLHMAysN8lXoCI7XeHlxaajk06u7G+UsFSO01NAs5iYuWKmVZjmiOzJ0OJmGsMwg=="],

    "@biomejs/cli-linux-x64-musl": ["@biomejs/cli-linux-x64-musl@1.9.4", "", { "os": "linux", "cpu": "x64" }, "sha512-gEhi/jSBhZ2m6wjV530Yy8+fNqG8PAinM3oV7CyO+6c3CEh16Eizm21uHVsyVBEB6RIM8JHIl6AGYCv6Q6Q9Tg=="],

    "@biomejs/cli-win32-arm64": ["@biomejs/cli-win32-arm64@1.9.4", "", { "os": "win32", "cpu": "arm64" }, "sha512-tlbhLk+WXZmgwoIKwHIHEBZUwxml7bRJgk0X2sPyNR3S93cdRq6XulAZRQJ17FYGGzWne0fgrXBKpl7l4M87Hg=="],

    "@biomejs/cli-win32-x64": ["@biomejs/cli-win32-x64@1.9.4", "", { "os": "win32", "cpu": "x64" }, "sha512-8Y5wMhVIPaWe6jw2H+KlEm4wP/f7EW3810ZLmDlrEEy5KvBsb9ECEfu/kMWD484ijfQ8+nIi0giMgu9g1UAuuA=="],

    "@bull-board/api": ["@bull-board/api@6.9.2", "", { "dependencies": { "redis-info": "^3.0.8" }, "peerDependencies": { "@bull-board/ui": "6.9.2" } }, "sha512-cWnOl6taWHSHadHjRoCRBwatIb68DahvD/Fko4RP6bvOqbmIRF6FeuBOqJ6OOEceTvROqvh3Nn96tAksnicB6g=="],

    "@bull-board/hono": ["@bull-board/hono@6.9.2", "", { "dependencies": { "@bull-board/api": "6.9.2", "@bull-board/ui": "6.9.2", "ejs": "^3.1.10", "hono": "^4.6.11" } }, "sha512-bw/Ynxahu4Vc6WWKOS/TE5mDe+T1o7C9XXYcCzFfQmEV1+KmEo/WAj4B0pMPI6jLmwCsqg0Isyqar6Z/VT4y4g=="],

    "@bull-board/ui": ["@bull-board/ui@6.9.2", "", { "dependencies": { "@bull-board/api": "6.9.2" } }, "sha512-vRIUat5JM39TR38YSnEresCFDMxvJMfBmAD9zQjS4xiwHtlRqNjY7fGIKWb9Agq0gQzSvYqOo2bPqz7pO0hOBw=="],

    "@hono/valibot-validator": ["@hono/valibot-validator@0.5.2", "", { "peerDependencies": { "hono": ">=3.9.0", "valibot": "^1.0.0 || ^1.0.0-beta.4 || ^1.0.0-rc" } }, "sha512-WbTr8PCFNAME0ale62rmmq+E8bGp5a7VPiVNmNT+Ue12GJE3Ax+CWBGtHhR0TzAEiloPvJND3IbjHIgtNtsqhw=="],

    "@ioredis/commands": ["@ioredis/commands@1.2.0", "", {}, "sha512-Sx1pU8EM64o2BrqNpEO1CNLtKQwyhuXuqyfH7oGKCk+1a33d2r5saW8zNwm3j6BTExtjrv2BxTgzzkMwts6vGg=="],

    "@mongodb-js/saslprep": ["@mongodb-js/saslprep@1.2.2", "", { "dependencies": { "sparse-bitfield": "^3.0.3" } }, "sha512-EB0O3SCSNRUFk66iRCpI+cXzIjdswfCs7F6nOC3RAGJ7xr5YhaicvsRwJ9eyzYvYRlCSDUO/c7g4yNulxKC1WA=="],

    "@msgpackr-extract/msgpackr-extract-darwin-arm64": ["@msgpackr-extract/msgpackr-extract-darwin-arm64@3.0.3", "", { "os": "darwin", "cpu": "arm64" }, "sha512-QZHtlVgbAdy2zAqNA9Gu1UpIuI8Xvsd1v8ic6B2pZmeFnFcMWiPLfWXh7TVw4eGEZ/C9TH281KwhVoeQUKbyjw=="],

    "@msgpackr-extract/msgpackr-extract-darwin-x64": ["@msgpackr-extract/msgpackr-extract-darwin-x64@3.0.3", "", { "os": "darwin", "cpu": "x64" }, "sha512-mdzd3AVzYKuUmiWOQ8GNhl64/IoFGol569zNRdkLReh6LRLHOXxU4U8eq0JwaD8iFHdVGqSy4IjFL4reoWCDFw=="],

    "@msgpackr-extract/msgpackr-extract-linux-arm": ["@msgpackr-extract/msgpackr-extract-linux-arm@3.0.3", "", { "os": "linux", "cpu": "arm" }, "sha512-fg0uy/dG/nZEXfYilKoRe7yALaNmHoYeIoJuJ7KJ+YyU2bvY8vPv27f7UKhGRpY6euFYqEVhxCFZgAUNQBM3nw=="],

    "@msgpackr-extract/msgpackr-extract-linux-arm64": ["@msgpackr-extract/msgpackr-extract-linux-arm64@3.0.3", "", { "os": "linux", "cpu": "arm64" }, "sha512-YxQL+ax0XqBJDZiKimS2XQaf+2wDGVa1enVRGzEvLLVFeqa5kx2bWbtcSXgsxjQB7nRqqIGFIcLteF/sHeVtQg=="],

    "@msgpackr-extract/msgpackr-extract-linux-x64": ["@msgpackr-extract/msgpackr-extract-linux-x64@3.0.3", "", { "os": "linux", "cpu": "x64" }, "sha512-cvwNfbP07pKUfq1uH+S6KJ7dT9K8WOE4ZiAcsrSes+UY55E/0jLYc+vq+DO7jlmqRb5zAggExKm0H7O/CBaesg=="],

    "@msgpackr-extract/msgpackr-extract-win32-x64": ["@msgpackr-extract/msgpackr-extract-win32-x64@3.0.3", "", { "os": "win32", "cpu": "x64" }, "sha512-x0fWaQtYp4E6sktbsdAqnehxDgEc/VwM7uLsRCYWaiGu0ykYdZPiS8zCWdnjHwyiumousxfBm4SO31eXqwEZhQ=="],

    "@napi-rs/nice": ["@napi-rs/nice@1.0.1", "", { "optionalDependencies": { "@napi-rs/nice-android-arm-eabi": "1.0.1", "@napi-rs/nice-android-arm64": "1.0.1", "@napi-rs/nice-darwin-arm64": "1.0.1", "@napi-rs/nice-darwin-x64": "1.0.1", "@napi-rs/nice-freebsd-x64": "1.0.1", "@napi-rs/nice-linux-arm-gnueabihf": "1.0.1", "@napi-rs/nice-linux-arm64-gnu": "1.0.1", "@napi-rs/nice-linux-arm64-musl": "1.0.1", "@napi-rs/nice-linux-ppc64-gnu": "1.0.1", "@napi-rs/nice-linux-riscv64-gnu": "1.0.1", "@napi-rs/nice-linux-s390x-gnu": "1.0.1", "@napi-rs/nice-linux-x64-gnu": "1.0.1", "@napi-rs/nice-linux-x64-musl": "1.0.1", "@napi-rs/nice-win32-arm64-msvc": "1.0.1", "@napi-rs/nice-win32-ia32-msvc": "1.0.1", "@napi-rs/nice-win32-x64-msvc": "1.0.1" } }, "sha512-zM0mVWSXE0a0h9aKACLwKmD6nHcRiKrPpCfvaKqG1CqDEyjEawId0ocXxVzPMCAm6kkWr2P025msfxXEnt8UGQ=="],

    "@napi-rs/nice-android-arm-eabi": ["@napi-rs/nice-android-arm-eabi@1.0.1", "", { "os": "android", "cpu": "arm" }, "sha512-5qpvOu5IGwDo7MEKVqqyAxF90I6aLj4n07OzpARdgDRfz8UbBztTByBp0RC59r3J1Ij8uzYi6jI7r5Lws7nn6w=="],

    "@napi-rs/nice-android-arm64": ["@napi-rs/nice-android-arm64@1.0.1", "", { "os": "android", "cpu": "arm64" }, "sha512-GqvXL0P8fZ+mQqG1g0o4AO9hJjQaeYG84FRfZaYjyJtZZZcMjXW5TwkL8Y8UApheJgyE13TQ4YNUssQaTgTyvA=="],

    "@napi-rs/nice-darwin-arm64": ["@napi-rs/nice-darwin-arm64@1.0.1", "", { "os": "darwin", "cpu": "arm64" }, "sha512-91k3HEqUl2fsrz/sKkuEkscj6EAj3/eZNCLqzD2AA0TtVbkQi8nqxZCZDMkfklULmxLkMxuUdKe7RvG/T6s2AA=="],

    "@napi-rs/nice-darwin-x64": ["@napi-rs/nice-darwin-x64@1.0.1", "", { "os": "darwin", "cpu": "x64" }, "sha512-jXnMleYSIR/+TAN/p5u+NkCA7yidgswx5ftqzXdD5wgy/hNR92oerTXHc0jrlBisbd7DpzoaGY4cFD7Sm5GlgQ=="],

    "@napi-rs/nice-freebsd-x64": ["@napi-rs/nice-freebsd-x64@1.0.1", "", { "os": "freebsd", "cpu": "x64" }, "sha512-j+iJ/ezONXRQsVIB/FJfwjeQXX7A2tf3gEXs4WUGFrJjpe/z2KB7sOv6zpkm08PofF36C9S7wTNuzHZ/Iiccfw=="],

    "@napi-rs/nice-linux-arm-gnueabihf": ["@napi-rs/nice-linux-arm-gnueabihf@1.0.1", "", { "os": "linux", "cpu": "arm" }, "sha512-G8RgJ8FYXYkkSGQwywAUh84m946UTn6l03/vmEXBYNJxQJcD+I3B3k5jmjFG/OPiU8DfvxutOP8bi+F89MCV7Q=="],

    "@napi-rs/nice-linux-arm64-gnu": ["@napi-rs/nice-linux-arm64-gnu@1.0.1", "", { "os": "linux", "cpu": "arm64" }, "sha512-IMDak59/W5JSab1oZvmNbrms3mHqcreaCeClUjwlwDr0m3BoR09ZiN8cKFBzuSlXgRdZ4PNqCYNeGQv7YMTjuA=="],

    "@napi-rs/nice-linux-arm64-musl": ["@napi-rs/nice-linux-arm64-musl@1.0.1", "", { "os": "linux", "cpu": "arm64" }, "sha512-wG8fa2VKuWM4CfjOjjRX9YLIbysSVV1S3Kgm2Fnc67ap/soHBeYZa6AGMeR5BJAylYRjnoVOzV19Cmkco3QEPw=="],

    "@napi-rs/nice-linux-ppc64-gnu": ["@napi-rs/nice-linux-ppc64-gnu@1.0.1", "", { "os": "linux", "cpu": "ppc64" }, "sha512-lxQ9WrBf0IlNTCA9oS2jg/iAjQyTI6JHzABV664LLrLA/SIdD+I1i3Mjf7TsnoUbgopBcCuDztVLfJ0q9ubf6Q=="],

    "@napi-rs/nice-linux-riscv64-gnu": ["@napi-rs/nice-linux-riscv64-gnu@1.0.1", "", { "os": "linux", "cpu": "none" }, "sha512-3xs69dO8WSWBb13KBVex+yvxmUeEsdWexxibqskzoKaWx9AIqkMbWmE2npkazJoopPKX2ULKd8Fm9veEn0g4Ig=="],

    "@napi-rs/nice-linux-s390x-gnu": ["@napi-rs/nice-linux-s390x-gnu@1.0.1", "", { "os": "linux", "cpu": "s390x" }, "sha512-lMFI3i9rlW7hgToyAzTaEybQYGbQHDrpRkg+1gJWEpH0PLAQoZ8jiY0IzakLfNWnVda1eTYYlxxFYzW8Rqczkg=="],

    "@napi-rs/nice-linux-x64-gnu": ["@napi-rs/nice-linux-x64-gnu@1.0.1", "", { "os": "linux", "cpu": "x64" }, "sha512-XQAJs7DRN2GpLN6Fb+ZdGFeYZDdGl2Fn3TmFlqEL5JorgWKrQGRUrpGKbgZ25UeZPILuTKJ+OowG2avN8mThBA=="],

    "@napi-rs/nice-linux-x64-musl": ["@napi-rs/nice-linux-x64-musl@1.0.1", "", { "os": "linux", "cpu": "x64" }, "sha512-/rodHpRSgiI9o1faq9SZOp/o2QkKQg7T+DK0R5AkbnI/YxvAIEHf2cngjYzLMQSQgUhxym+LFr+UGZx4vK4QdQ=="],

    "@napi-rs/nice-win32-arm64-msvc": ["@napi-rs/nice-win32-arm64-msvc@1.0.1", "", { "os": "win32", "cpu": "arm64" }, "sha512-rEcz9vZymaCB3OqEXoHnp9YViLct8ugF+6uO5McifTedjq4QMQs3DHz35xBEGhH3gJWEsXMUbzazkz5KNM5YUg=="],

    "@napi-rs/nice-win32-ia32-msvc": ["@napi-rs/nice-win32-ia32-msvc@1.0.1", "", { "os": "win32", "cpu": "ia32" }, "sha512-t7eBAyPUrWL8su3gDxw9xxxqNwZzAqKo0Szv3IjVQd1GpXXVkb6vBBQUuxfIYaXMzZLwlxRQ7uzM2vdUE9ULGw=="],

    "@napi-rs/nice-win32-x64-msvc": ["@napi-rs/nice-win32-x64-msvc@1.0.1", "", { "os": "win32", "cpu": "x64" }, "sha512-JlF+uDcatt3St2ntBG8H02F1mM45i5SF9W+bIKiReVE6wiy3o16oBP/yxt+RZ+N6LbCImJXJ6bXNO2kn9AXicg=="],

    "@types/bun": ["@types/bun@1.2.10", "", { "dependencies": { "bun-types": "1.2.10" } }, "sha512-eilv6WFM3M0c9ztJt7/g80BDusK98z/FrFwseZgT4bXCq2vPhXD4z8R3oddmAn+R/Nmz9vBn4kweJKmGTZj+lg=="],

    "@types/node": ["@types/node@22.14.1", "", { "dependencies": { "undici-types": "~6.21.0" } }, "sha512-u0HuPQwe/dHrItgHHpmw3N2fYCR6x4ivMNbPHRkBVP4CvN+kiRrKHWk3i8tXiO/joPwXLMYvF9TTF0eqgHIuOw=="],

    "@types/webidl-conversions": ["@types/webidl-conversions@7.0.3", "", {}, "sha512-CiJJvcRtIgzadHCYXw7dqEnMNRjhGZlYK05Mj9OyktqV8uVT8fD2BFOB7S1uwBE3Kj2Z+4UyPmFw/Ixgw/LAlA=="],

    "@types/whatwg-url": ["@types/whatwg-url@11.0.5", "", { "dependencies": { "@types/webidl-conversions": "*" } }, "sha512-coYR071JRaHa+xoEvvYqvnIHaVqaYrLPbsufM9BF63HkwI5Lgmy2QR8Q5K/lYDYo5AK82wOvSOS0UsLTpTG7uQ=="],

    "agent-base": ["agent-base@7.1.3", "", {}, "sha512-jRR5wdylq8CkOe6hei19GGZnxM6rBGwFl3Bg0YItGDimvjGtAvdZk4Pu6Cl4u4Igsws4a1fd1Vq3ezrhn4KmFw=="],

    "ansi-styles": ["ansi-styles@4.3.0", "", { "dependencies": { "color-convert": "^2.0.1" } }, "sha512-zbB9rCJAT1rbjiVDb2hqKFHNYLxgtk8NURxZ3IZwD3F6NtxbXZQCnnSi1Lkx+IDohdPlFp222wVALIheZJQSEg=="],

    "async": ["async@3.2.6", "", {}, "sha512-htCUDlxyyCLMgaM3xXg0C0LW2xqfuQ6p05pCEIsXuyQ+a1koYKTuBMzRNwmybfLgvJDMd0r1LTn4+E0Ti6C2AA=="],

    "async-mutex": ["async-mutex@0.5.0", "", { "dependencies": { "tslib": "^2.4.0" } }, "sha512-1A94B18jkJ3DYq284ohPxoXbfTA5HsQ7/Mf4DEhcyLx3Bz27Rh59iScbB6EPiP+B+joue6YCxcMXSbFC1tZKwA=="],

    "b4a": ["b4a@1.6.7", "", {}, "sha512-OnAYlL5b7LEkALw87fUVafQw5rVR9RjwGd4KUwNQ6DrrNmaVaUCgLipfVlzrPQ4tWOR9P0IXGNOx50jYCCdSJg=="],

    "balanced-match": ["balanced-match@1.0.2", "", {}, "sha512-3oSeUO0TMV67hN1AmbXsK4yaqU7tjiHlbxRDZOpH0KW9+CeX4bRAaX0Anxt0tx2MrpRpWwQaPwIlISEJhYU5Pw=="],

    "bare-events": ["bare-events@2.5.4", "", {}, "sha512-+gFfDkR8pj4/TrWCGUGWmJIkBwuxPS5F+a5yWjOHQt2hHvNZd5YLzadjmDUtFmMM4y429bnKLa8bYBMHcYdnQA=="],

    "brace-expansion": ["brace-expansion@1.1.11", "", { "dependencies": { "balanced-match": "^1.0.0", "concat-map": "0.0.1" } }, "sha512-iCuPHDFgrHX7H2vEI/5xpz07zSHB00TpugqhmYtVmMO6518mCuRMoOYFldEBl0g187ufozdaHgWKcYFb61qGiA=="],

    "bson": ["bson@6.10.3", "", {}, "sha512-MTxGsqgYTwfshYWTRdmZRC+M7FnG1b4y7RO7p2k3X24Wq0yv1m77Wsj0BzlPzd/IowgESfsruQCUToa7vbOpPQ=="],

    "buffer-crc32": ["buffer-crc32@0.2.13", "", {}, "sha512-VO9Ht/+p3SN7SKWqcrgEzjGbRSJYTx+Q1pTQC0wrWqHx0vpJraQ6GtHx8tvcg1rlK1byhU5gccxgOgj7B0TDkQ=="],

    "bullmq": ["bullmq@5.51.0", "", { "dependencies": { "cron-parser": "^4.9.0", "ioredis": "^5.4.1", "msgpackr": "^1.11.2", "node-abort-controller": "^3.1.1", "semver": "^7.5.4", "tslib": "^2.0.0", "uuid": "^9.0.0" } }, "sha512-YjX+CO2U4nmbCq2ZgNb/Hnu6Xk953j8EFmp0eehTuudavPyNstoZsbnyvvM6PX9rfD9clhcc5kRLyyWoFEM3Lg=="],

    "bun-types": ["bun-types@1.2.10", "", { "dependencies": { "@types/node": "*" } }, "sha512-b5ITZMnVdf3m1gMvJHG+gIfeJHiQPJak0f7925Hxu6ZN5VKA8AGy4GZ4lM+Xkn6jtWxg5S3ldWvfmXdvnkp3GQ=="],

    "camelcase": ["camelcase@6.3.0", "", {}, "sha512-Gmy6FhYlCY7uOElZUSbxo2UCDH8owEk996gkbrpsgGtrJLM3J7jGxl9Ic7Qwwj4ivOE5AWZWRMecDdF7hqGjFA=="],

    "chalk": ["chalk@4.1.2", "", { "dependencies": { "ansi-styles": "^4.1.0", "supports-color": "^7.1.0" } }, "sha512-oKnbhFyRIXpUuez8iBMmyEa4nbj4IOQyuhc/wy9kY7/WVPcwIO9VA668Pu8RkO7+0G76SLROeyw9CpQ061i4mA=="],

    "cluster-key-slot": ["cluster-key-slot@1.1.2", "", {}, "sha512-RMr0FhtfXemyinomL4hrWcYJxmX6deFdCxpJzhDttxgO1+bcCnkk+9drydLVDmAMG7NE6aN/fl4F7ucU/90gAA=="],

    "color-convert": ["color-convert@2.0.1", "", { "dependencies": { "color-name": "~1.1.4" } }, "sha512-RRECPsj7iu/xb5oKYcsFHSppFNnsj/52OVTRKb4zP5onXwVF3zVmmToNcOfGC+CRDpfK/U584fMg38ZHCaElKQ=="],

    "color-name": ["color-name@1.1.4", "", {}, "sha512-dOy+3AuW3a2wNbZHIuMZpTcgjGuLU/uBL/ubcZF9OXbDo8ff4O8yVp5Bf0efS8uEoYo5q4Fx7dY9OgQGXgAsQA=="],

    "commondir": ["commondir@1.0.1", "", {}, "sha512-W9pAhw0ja1Edb5GVdIF1mjZw/ASI0AlShXM83UUGe2DVr5TdAPEA1OA8m/g8zWp9x6On7gqufY+FatDbC3MDQg=="],

    "concat-map": ["concat-map@0.0.1", "", {}, "sha512-/Srv4dswyQNBfohGpz9o6Yb3Gz3SrUDqBH5rTuhGR7ahtlbYKnVxw2bCFMRljaA7EXHaXZ8wsHdodFvbkhKmqg=="],

    "cron-parser": ["cron-parser@4.9.0", "", { "dependencies": { "luxon": "^3.2.1" } }, "sha512-p0SaNjrHOnQeR8/VnfGbmg9te2kfyYSQ7Sc/j/6DtPL3JQvKxmjO9TSjNFpujqV3vEYYBvNNvXSxzyksBWAx1Q=="],

    "dayjs": ["dayjs@1.11.13", "", {}, "sha512-oaMBel6gjolK862uaPQOVTA7q3TZhuSvuMQAAglQDOWYO9A91IrAOUJEyKVlqJlHE0vq5p5UXxzdPfMH/x6xNg=="],

    "debug": ["debug@4.4.0", "", { "dependencies": { "ms": "^2.1.3" } }, "sha512-6WTZ/IxCY/T6BALoZHaE4ctp9xm+Z5kY/pzYaCHRFeyVhojxlrm+46y68HA6hr0TcwEssoxNiDEUJQjfPZ/RYA=="],

    "denque": ["denque@2.1.0", "", {}, "sha512-HVQE3AAb/pxF8fQAoiqpvg9i3evqug3hoiwakOyZAwJm+6vZehbkYXZ0l4JxS+I3QxM97v5aaRNhj8v5oBhekw=="],

    "detect-libc": ["detect-libc@2.0.4", "", {}, "sha512-3UDv+G9CsCKO1WKMGw9fwq/SWJYbI0c5Y7LU1AXYoDdbhE2AHQ6N6Nb34sG8Fj7T5APy8qXDCKuuIHd1BR0tVA=="],

    "ejs": ["ejs@3.1.10", "", { "dependencies": { "jake": "^10.8.5" }, "bin": { "ejs": "bin/cli.js" } }, "sha512-UeJmFfOrAQS8OJWPZ4qtgHyWExa088/MtK5UEyoJGFH67cDEXkZSviOiKRCZ4Xij0zxI3JECgYs3oKx+AizQBA=="],

    "fast-fifo": ["fast-fifo@1.3.2", "", {}, "sha512-/d9sfos4yxzpwkDkuN7k2SqFKtYNmCTzgfEpz82x34IM9/zc8KGxQoXg1liNC/izpRM/MBdt44Nmx41ZWqk+FQ=="],

    "filelist": ["filelist@1.0.4", "", { "dependencies": { "minimatch": "^5.0.1" } }, "sha512-w1cEuf3S+DrLCQL7ET6kz+gmlJdbq9J7yXCSjK/OZCPA+qEN1WyF4ZAf0YYJa4/shHJra2t/d/r8SV4Ji+x+8Q=="],

    "find-cache-dir": ["find-cache-dir@3.3.2", "", { "dependencies": { "commondir": "^1.0.1", "make-dir": "^3.0.2", "pkg-dir": "^4.1.0" } }, "sha512-wXZV5emFEjrridIgED11OoUKLxiYjAcqot/NJdAkOhlJ+vGzwhOAfcG5OX1jP+S0PcjEn8bdMJv+g2jwQ3Onig=="],

    "find-up": ["find-up@4.1.0", "", { "dependencies": { "locate-path": "^5.0.0", "path-exists": "^4.0.0" } }, "sha512-PpOwAdQ/YlXQ2vj8a3h8IipDuYRi3wceVQQGYWxNINccq40Anw7BlsEXCMbt1Zt+OLA6Fq9suIpIWD0OsnISlw=="],

    "follow-redirects": ["follow-redirects@1.15.9", "", {}, "sha512-gew4GsXizNgdoRyqmyfMHyAmXsZDk6mHkSxZFCzW9gwlbtOW44CDtYavM+y+72qD/Vq2l550kMF52DT8fOLJqQ=="],

    "has-flag": ["has-flag@4.0.0", "", {}, "sha512-EykJT/Q1KjTWctppgIAgfSO0tKVuZUjhgMr17kqTumMl6Afv3EISleU7qZUzoXDFTAHTDC4NOoG/ZxU3EvlMPQ=="],

    "hono": ["hono@4.7.7", "", {}, "sha512-2PCpQRbN87Crty8/L/7akZN3UyZIAopSoRxCwRbJgUuV1+MHNFHzYFxZTg4v/03cXUm+jce/qa2VSBZpKBm3Qw=="],

    "https-proxy-agent": ["https-proxy-agent@7.0.6", "", { "dependencies": { "agent-base": "^7.1.2", "debug": "4" } }, "sha512-vK9P5/iUfdl95AI+JVyUuIcVtd4ofvtrOr3HNtM2yxC9bnMbEdp3x01OhQNnjb8IJYi38VlTE3mBXwcfvywuSw=="],

    "ioredis": ["ioredis@5.6.1", "", { "dependencies": { "@ioredis/commands": "^1.1.1", "cluster-key-slot": "^1.1.0", "debug": "^4.3.4", "denque": "^2.1.0", "lodash.defaults": "^4.2.0", "lodash.isarguments": "^3.1.0", "redis-errors": "^1.2.0", "redis-parser": "^3.0.0", "standard-as-callback": "^2.1.0" } }, "sha512-UxC0Yv1Y4WRJiGQxQkP0hfdL0/5/6YvdfOOClRgJ0qppSarkhneSa6UvkMkms0AkdGimSH3Ikqm+6mkMmX7vGA=="],

    "jake": ["jake@10.9.2", "", { "dependencies": { "async": "^3.2.3", "chalk": "^4.0.2", "filelist": "^1.0.4", "minimatch": "^3.1.2" }, "bin": { "jake": "bin/cli.js" } }, "sha512-2P4SQ0HrLQ+fw6llpLnOaGAvN2Zu6778SJMrCUwns4fOoG9ayrTiZk3VV8sCPkVZF8ab0zksVpS8FDY5pRCNBA=="],

    "locate-path": ["locate-path@5.0.0", "", { "dependencies": { "p-locate": "^4.1.0" } }, "sha512-t7hw9pI+WvuwNJXwk5zVHpyhIqzg2qTlklJOf0mVxGSbe3Fp2VieZcduNYjaLDoy6p9uGpQEGWG87WpMKlNq8g=="],

    "lodash": ["lodash@4.17.21", "", {}, "sha512-v2kDEe57lecTulaDIuNTPy3Ry4gLGJ6Z1O3vE1krgXZNrsQ+LFTGHVxVjcXPs17LhbZVGedAJv8XZ1tvj5FvSg=="],

    "lodash.defaults": ["lodash.defaults@4.2.0", "", {}, "sha512-qjxPLHd3r5DnsdGacqOMU6pb/avJzdh9tFX2ymgoZE27BmjXrNy/y4LoaiTeAb+O3gL8AfpJGtqfX/ae2leYYQ=="],

    "lodash.isarguments": ["lodash.isarguments@3.1.0", "", {}, "sha512-chi4NHZlZqZD18a0imDHnZPrDeBbTtVN7GXMwuGdRH9qotxAjYs3aVLKc7zNOG9eddR5Ksd8rvFEBc9SsggPpg=="],

    "luxon": ["luxon@3.6.1", "", {}, "sha512-tJLxrKJhO2ukZ5z0gyjY1zPh3Rh88Ej9P7jNrZiHMUXHae1yvI2imgOZtL1TO8TW6biMMKfTtAOoEJANgtWBMQ=="],

    "make-dir": ["make-dir@3.1.0", "", { "dependencies": { "semver": "^6.0.0" } }, "sha512-g3FeP20LNwhALb/6Cz6Dd4F2ngze0jz7tbzrD2wAV+o9FeNHe4rL+yK2md0J/fiSf1sa1ADhXqi5+oVwOM/eGw=="],

    "memory-pager": ["memory-pager@1.5.0", "", {}, "sha512-ZS4Bp4r/Zoeq6+NLJpP+0Zzm0pR8whtGPf1XExKLJBAczGMnSi3It14OiNCStjQjM6NU1okjQGSxgEZN8eBYKg=="],

    "minimatch": ["minimatch@3.1.2", "", { "dependencies": { "brace-expansion": "^1.1.7" } }, "sha512-J7p63hRiAjw1NDEww1W7i37+ByIrOWO5XQQAzZ3VOcL0PNybwpfmV/N05zFAzwQ9USyEcX6t3UO+K5aqBQOIHw=="],

    "mongodb": ["mongodb@6.16.0", "", { "dependencies": { "@mongodb-js/saslprep": "^1.1.9", "bson": "^6.10.3", "mongodb-connection-string-url": "^3.0.0" }, "peerDependencies": { "@aws-sdk/credential-providers": "^3.188.0", "@mongodb-js/zstd": "^1.1.0 || ^2.0.0", "gcp-metadata": "^5.2.0", "kerberos": "^2.0.1", "mongodb-client-encryption": ">=6.0.0 <7", "snappy": "^7.2.2", "socks": "^2.7.1" }, "optionalPeers": ["@aws-sdk/credential-providers", "@mongodb-js/zstd", "gcp-metadata", "kerberos", "mongodb-client-encryption", "snappy", "socks"] }, "sha512-D1PNcdT0y4Grhou5Zi/qgipZOYeWrhLEpk33n3nm6LGtz61jvO88WlrWCK/bigMjpnOdAUKKQwsGIl0NtWMyYw=="],

    "mongodb-connection-string-url": ["mongodb-connection-string-url@3.0.2", "", { "dependencies": { "@types/whatwg-url": "^11.0.2", "whatwg-url": "^14.1.0 || ^13.0.0" } }, "sha512-rMO7CGo/9BFwyZABcKAWL8UJwH/Kc2x0g72uhDWzG48URRax5TCIcJ7Rc3RZqffZzO/Gwff/jyKwCU9TN8gehA=="],

    "mongodb-memory-server": ["mongodb-memory-server@10.1.4", "", { "dependencies": { "mongodb-memory-server-core": "10.1.4", "tslib": "^2.7.0" } }, "sha512-+oKQ/kc3CX+816oPFRtaF0CN4vNcGKNjpOQe4bHo/21A3pMD+lC7Xz1EX5HP7siCX4iCpVchDMmCOFXVQSGkUg=="],

    "mongodb-memory-server-core": ["mongodb-memory-server-core@10.1.4", "", { "dependencies": { "async-mutex": "^0.5.0", "camelcase": "^6.3.0", "debug": "^4.3.7", "find-cache-dir": "^3.3.2", "follow-redirects": "^1.15.9", "https-proxy-agent": "^7.0.5", "mongodb": "^6.9.0", "new-find-package-json": "^2.0.0", "semver": "^7.6.3", "tar-stream": "^3.1.7", "tslib": "^2.7.0", "yauzl": "^3.1.3" } }, "sha512-o8fgY7ZalEd8pGps43fFPr/hkQu1L8i6HFEGbsTfA2zDOW0TopgpswaBCqDr0qD7ptibyPfB5DmC+UlIxbThzA=="],

    "ms": ["ms@2.1.3", "", {}, "sha512-6FlzubTLZG3J2a/NVCAleEhjzq5oxgHyaCU9yYXvcLsvoVaHJq/s5xXI6/XXP6tz7R9xAOtHnSO/tXtF3WRTlA=="],

    "msgpackr": ["msgpackr@1.11.2", "", { "optionalDependencies": { "msgpackr-extract": "^3.0.2" } }, "sha512-F9UngXRlPyWCDEASDpTf6c9uNhGPTqnTeLVt7bN+bU1eajoR/8V9ys2BRaV5C/e5ihE6sJ9uPIKaYt6bFuO32g=="],

    "msgpackr-extract": ["msgpackr-extract@3.0.3", "", { "dependencies": { "node-gyp-build-optional-packages": "5.2.2" }, "optionalDependencies": { "@msgpackr-extract/msgpackr-extract-darwin-arm64": "3.0.3", "@msgpackr-extract/msgpackr-extract-darwin-x64": "3.0.3", "@msgpackr-extract/msgpackr-extract-linux-arm": "3.0.3", "@msgpackr-extract/msgpackr-extract-linux-arm64": "3.0.3", "@msgpackr-extract/msgpackr-extract-linux-x64": "3.0.3", "@msgpackr-extract/msgpackr-extract-win32-x64": "3.0.3" }, "bin": { "download-msgpackr-prebuilds": "bin/download-prebuilds.js" } }, "sha512-P0efT1C9jIdVRefqjzOQ9Xml57zpOXnIuS+csaB4MdZbTdmGDLo8XhzBG1N7aO11gKDDkJvBLULeFTo46wwreA=="],

    "new-find-package-json": ["new-find-package-json@2.0.0", "", { "dependencies": { "debug": "^4.3.4" } }, "sha512-lDcBsjBSMlj3LXH2v/FW3txlh2pYTjmbOXPYJD93HI5EwuLzI11tdHSIpUMmfq/IOsldj4Ps8M8flhm+pCK4Ew=="],

    "node-abort-controller": ["node-abort-controller@3.1.1", "", {}, "sha512-AGK2yQKIjRuqnc6VkX2Xj5d+QW8xZ87pa1UK6yA6ouUyuxfHuMP6umE5QK7UmTeOAymo+Zx1Fxiuw9rVx8taHQ=="],

    "node-gyp-build-optional-packages": ["node-gyp-build-optional-packages@5.2.2", "", { "dependencies": { "detect-libc": "^2.0.1" }, "bin": { "node-gyp-build-optional-packages": "bin.js", "node-gyp-build-optional-packages-optional": "optional.js", "node-gyp-build-optional-packages-test": "build-test.js" } }, "sha512-s+w+rBWnpTMwSFbaE0UXsRlg7hU4FjekKU4eyAih5T8nJuNZT1nNsskXpxmeqSK9UzkBl6UgRlnKc8hz8IEqOw=="],

    "p-limit": ["p-limit@2.3.0", "", { "dependencies": { "p-try": "^2.0.0" } }, "sha512-//88mFWSJx8lxCzwdAABTJL2MyWB12+eIY7MDL2SqLmAkeKU9qxRvWuSyTjm3FUmpBEMuFfckAIqEaVGUDxb6w=="],

    "p-locate": ["p-locate@4.1.0", "", { "dependencies": { "p-limit": "^2.2.0" } }, "sha512-R79ZZ/0wAxKGu3oYMlz8jy/kbhsNrS7SKZ7PxEHBgJ5+F2mtFW2fK2cOtBh1cHYkQsbzFV7I+EoRKe6Yt0oK7A=="],

    "p-try": ["p-try@2.2.0", "", {}, "sha512-R4nPAVTAU0B9D35/Gk3uJf/7XYbQcyohSKdvAxIRSNghFl4e71hVoGnBNQz9cWaXxO2I10KTC+3jMdvvoKw6dQ=="],

    "path-exists": ["path-exists@4.0.0", "", {}, "sha512-ak9Qy5Q7jYb2Wwcey5Fpvg2KoAc/ZIhLSLOSBmRmygPsGwkVVt0fZa0qrtMz+m6tJTAHfZQ8FnmB4MG4LWy7/w=="],

    "pend": ["pend@1.2.0", "", {}, "sha512-F3asv42UuXchdzt+xXqfW1OGlVBe+mxa2mqI0pg5yAHZPvFmY3Y6drSf/GQ1A86WgWEN9Kzh/WrgKa6iGcHXLg=="],

    "piscina": ["piscina@4.9.2", "", { "optionalDependencies": { "@napi-rs/nice": "^1.0.1" } }, "sha512-Fq0FERJWFEUpB4eSY59wSNwXD4RYqR+nR/WiEVcZW8IWfVBxJJafcgTEZDQo8k3w0sUarJ8RyVbbUF4GQ2LGbQ=="],

    "pkg-dir": ["pkg-dir@4.2.0", "", { "dependencies": { "find-up": "^4.0.0" } }, "sha512-HRDzbaKjC+AOWVXxAU/x54COGeIv9eb+6CkDSQoNTt4XyWoIJvuPsXizxu/Fr23EiekbtZwmh1IcIG/l/a10GQ=="],

    "punycode": ["punycode@2.3.1", "", {}, "sha512-vYt7UD1U9Wg6138shLtLOvdAu+8DsC/ilFtEVHcH+wydcSpNE20AfSOduf6MkRFahL5FY7X1oU7nKVZFtfq8Fg=="],

    "redis-errors": ["redis-errors@1.2.0", "", {}, "sha512-1qny3OExCf0UvUV/5wpYKf2YwPcOqXzkwKKSmKHiE6ZMQs5heeE/c8eXK+PNllPvmjgAbfnsbpkGZWy8cBpn9w=="],

    "redis-info": ["redis-info@3.1.0", "", { "dependencies": { "lodash": "^4.17.11" } }, "sha512-ER4L9Sh/vm63DkIE0bkSjxluQlioBiBgf5w1UuldaW/3vPcecdljVDisZhmnCMvsxHNiARTTDDHGg9cGwTfrKg=="],

    "redis-parser": ["redis-parser@3.0.0", "", { "dependencies": { "redis-errors": "^1.0.0" } }, "sha512-DJnGAeenTdpMEH6uAJRK/uiyEIH9WVsUmoLwzudwGJUwZPp80PDBWPHXSAGNPwNvIXAbe7MSUB1zQFugFml66A=="],

    "semver": ["semver@7.7.1", "", { "bin": { "semver": "bin/semver.js" } }, "sha512-hlq8tAfn0m/61p4BVRcPzIGr6LKiMwo4VM6dGi6pt4qcRkmNzTcWq6eCEjEh+qXjkMDvPlOFFSGwQjoEa6gyMA=="],

    "sparse-bitfield": ["sparse-bitfield@3.0.3", "", { "dependencies": { "memory-pager": "^1.0.2" } }, "sha512-kvzhi7vqKTfkh0PZU+2D2PIllw2ymqJKujUcyPMd9Y75Nv4nPbGJZXNhxsgdQab2BmlDct1YnfQCguEvHr7VsQ=="],

    "standard-as-callback": ["standard-as-callback@2.1.0", "", {}, "sha512-qoRRSyROncaz1z0mvYqIE4lCd9p2R90i6GxW3uZv5ucSu8tU7B5HXUP1gG8pVZsYNVaXjk8ClXHPttLyxAL48A=="],

    "streamx": ["streamx@2.22.0", "", { "dependencies": { "fast-fifo": "^1.3.2", "text-decoder": "^1.1.0" }, "optionalDependencies": { "bare-events": "^2.2.0" } }, "sha512-sLh1evHOzBy/iWRiR6d1zRcLao4gGZr3C1kzNz4fopCOKJb6xD9ub8Mpi9Mr1R6id5o43S+d93fI48UC5uM9aw=="],

    "supports-color": ["supports-color@7.2.0", "", { "dependencies": { "has-flag": "^4.0.0" } }, "sha512-qpCAvRl9stuOHveKsn7HncJRvv501qIacKzQlO/+Lwxc9+0q2wLyv4Dfvt80/DPn2pqOBsJdDiogXGR9+OvwRw=="],

    "tar-stream": ["tar-stream@3.1.7", "", { "dependencies": { "b4a": "^1.6.4", "fast-fifo": "^1.2.0", "streamx": "^2.15.0" } }, "sha512-qJj60CXt7IU1Ffyc3NJMjh6EkuCFej46zUqJ4J7pqYlThyd9bO0XBTmcOIhSzZJVWfsLks0+nle/j538YAW9RQ=="],

    "text-decoder": ["text-decoder@1.2.3", "", { "dependencies": { "b4a": "^1.6.4" } }, "sha512-3/o9z3X0X0fTupwsYvR03pJ/DjWuqqrfwBgTQzdWDiQSm9KitAyz/9WqsT2JQW7KV2m+bC2ol/zqpW37NHxLaA=="],

    "tr46": ["tr46@5.1.0", "", { "dependencies": { "punycode": "^2.3.1" } }, "sha512-IUWnUK7ADYR5Sl1fZlO1INDUhVhatWl7BtJWsIhwJ0UAK7ilzzIa8uIqOO/aYVWHZPJkKbEL+362wrzoeRF7bw=="],

    "tslib": ["tslib@2.8.1", "", {}, "sha512-oJFu94HQb+KVduSUQL7wnpmqnfmLsOA/nAh6b6EH0wCEoK0/mPeXU6c3wKDV83MkOuHPRHtSXKKU99IBazS/2w=="],

    "typescript": ["typescript@5.8.3", "", { "bin": { "tsc": "bin/tsc", "tsserver": "bin/tsserver" } }, "sha512-p1diW6TqL9L07nNxvRMM7hMMw4c5XOo/1ibL4aAIGmSAt9slTE1Xgw5KWuof2uTOvCg9BY7ZRi+GaF+7sfgPeQ=="],

    "undici-types": ["undici-types@6.21.0", "", {}, "sha512-iwDZqg0QAGrg9Rav5H4n0M64c3mkR59cJ6wQp+7C4nI0gsmExaedaYLNO44eT4AtBBwjbTiGPMlt2Md0T9H9JQ=="],

    "uuid": ["uuid@9.0.1", "", { "bin": { "uuid": "dist/bin/uuid" } }, "sha512-b+1eJOlsR9K8HJpow9Ok3fiWOWSIcIzXodvv0rQjVoOVNpWMpxf1wZNpt4y9h10odCNrqnYp1OBzRktckBe3sA=="],

    "valibot": ["valibot@1.0.0", "", { "peerDependencies": { "typescript": ">=5" }, "optionalPeers": ["typescript"] }, "sha512-1Hc0ihzWxBar6NGeZv7fPLY0QuxFMyxwYR2sF1Blu7Wq7EnremwY2W02tit2ij2VJT8HcSkHAQqmFfl77f73Yw=="],

    "webidl-conversions": ["webidl-conversions@7.0.0", "", {}, "sha512-VwddBukDzu71offAQR975unBIGqfKZpM+8ZX6ySk8nYhVoo5CYaZyzt3YBvYtRtO+aoGlqxPg/B87NGVZ/fu6g=="],

    "whatwg-url": ["whatwg-url@14.2.0", "", { "dependencies": { "tr46": "^5.1.0", "webidl-conversions": "^7.0.0" } }, "sha512-De72GdQZzNTUBBChsXueQUnPKDkg/5A5zp7pFDuQAj5UFoENpiACU0wlCvzpAGnTkj++ihpKwKyYewn/XNUbKw=="],

    "yauzl": ["yauzl@3.2.0", "", { "dependencies": { "buffer-crc32": "~0.2.3", "pend": "~1.2.0" } }, "sha512-Ow9nuGZE+qp1u4JIPvg+uCiUr7xGQWdff7JQSk5VGYTAZMDe2q8lxJ10ygv10qmSj031Ty/6FNJpLO4o1Sgc+w=="],

    "filelist/minimatch": ["minimatch@5.1.6", "", { "dependencies": { "brace-expansion": "^2.0.1" } }, "sha512-lKwV/1brpG6mBUFHtb7NUmtABCb2WZZmm2wNiOA5hAb8VdCS4B3dtMWyvcoViccwAW/COERjXLt0zP1zXUN26g=="],

    "make-dir/semver": ["semver@6.3.1", "", { "bin": { "semver": "bin/semver.js" } }, "sha512-BR7VvDCVHO+q2xBEWskxS6DJE1qRnb7DxzUrogb71CWoSficBxYsiAGd+Kl0mmq/MprG9yArRkyrQxTO6XjMzA=="],

    "mongodb-memory-server-core/mongodb": ["mongodb@6.15.0", "", { "dependencies": { "@mongodb-js/saslprep": "^1.1.9", "bson": "^6.10.3", "mongodb-connection-string-url": "^3.0.0" }, "peerDependencies": { "@aws-sdk/credential-providers": "^3.188.0", "@mongodb-js/zstd": "^1.1.0 || ^2.0.0", "gcp-metadata": "^5.2.0", "kerberos": "^2.0.1", "mongodb-client-encryption": ">=6.0.0 <7", "snappy": "^7.2.2", "socks": "^2.7.1" }, "optionalPeers": ["@aws-sdk/credential-providers", "@mongodb-js/zstd", "gcp-metadata", "kerberos", "mongodb-client-encryption", "snappy", "socks"] }, "sha512-ifBhQ0rRzHDzqp9jAQP6OwHSH7dbYIQjD3SbJs9YYk9AikKEettW/9s/tbSFDTpXcRbF+u1aLrhHxDFaYtZpFQ=="],

    "filelist/minimatch/brace-expansion": ["brace-expansion@2.0.1", "", { "dependencies": { "balanced-match": "^1.0.0" } }, "sha512-XnAIvQ8eM+kC6aULx6wuQiwVsnzsi9d3WxzV3FpWTGA19F621kwdbsAcFKXgKUHZWsy+mY6iL1sHTxWEFCytDA=="],
  }
}
